
Microsoft Visual Studio Solution File, Format Version 12.00
# Visual Studio 15
VisualStudioVersion = 15.0.28307.421
MinimumVisualStudioVersion = 10.0.40219.1
Project("{FAE04EC0-301F-11D3-BF4B-00C04F79EFBC}") = "CafeYonetimPaneli", "CafeYonetimPaneli\CafeYonetimPaneli.csproj", "{DB719C9F-FC79-4FF3-B612-470004E59022}"
EndProject
Global
	GlobalSection(SolutionConfigurationPlatforms) = preSolution
		Debug|Any CPU = Debug|Any CPU
		Release|Any CPU = Release|Any CPU
	EndGlobalSection
	GlobalSection(ProjectConfigurationPlatforms) = postSolution
		{DB719C9F-FC79-4FF3-B612-470004E59022}.Debug|Any CPU.ActiveCfg = Debug|Any CPU
		{DB719C9F-FC79-4FF3-B612-470004E59022}.Debug|Any CPU.Build.0 = Debug|Any CPU
		{DB719C9F-FC79-4FF3-B612-470004E59022}.Release|Any CPU.ActiveCfg = Release|Any CPU
		{DB719C9F-FC79-4FF3-B612-470004E59022}.Release|Any CPU.Build.0 = Release|Any CPU
	EndGlobalSection
	GlobalSection(SolutionProperties) = preSolution
		HideSolutionNode = FALSE
	EndGlobalSection
	GlobalSection(ExtensibilityGlobals) = postSolution
		SolutionGuid = {A01FD265-38C2-402D-8DA0-67290F071791}
	EndGlobalSection
EndGlobal
